// !$*UTF8*$!
{
	archiveVersion = 1;
	classes = {
	};
	objectVersion = 56;
	objects = {

/* Begin PBXBuildFile section */
		5BE541B92BCF9F5F00E3BE35 /* CoffeeJessApp.swift in Sources */ = {isa = PBXBuildFile; fileRef = 5BE541B82BCF9F5F00E3BE35 /* CoffeeJessApp.swift */; };
		5BE541BB2BCF9F5F00E3BE35 /* ContentView.swift in Sources */ = {isa = PBXBuildFile; fileRef = 5BE541BA2BCF9F5F00E3BE35 /* ContentView.swift */; };
		5BE541BD2BCF9F6200E3BE35 /* Assets.xcassets in Resources */ = {isa = PBXBuildFile; fileRef = 5BE541BC2BCF9F6200E3BE35 /* Assets.xcassets */; };
		5BE541C02BCF9F6200E3BE35 /* Preview Assets.xcassets in Resources */ = {isa = PBXBuildFile; fileRef = 5BE541BF2BCF9F6200E3BE35 /* Preview Assets.xcassets */; };
		5BE541CE2BCFA30D00E3BE35 /* Coffee.swift in Sources */ = {isa = PBXBuildFile; fileRef = 5BE541CD2BCFA30D00E3BE35 /* Coffee.swift */; };
		5BE541D12BCFA35400E3BE35 /* CoffeeCard.swift in Sources */ = {isa = PBXBuildFile; fileRef = 5BE541D02BCFA35400E3BE35 /* CoffeeCard.swift */; };
		5BE541D42BCFA85A00E3BE35 /* CoffeeHome.swift in Sources */ = {isa = PBXBuildFile; fileRef = 5BE541D32BCFA85A00E3BE35 /* CoffeeHome.swift */; };
		5BE541D62BCFA9C800E3BE35 /* CoffeeDetail.swift in Sources */ = {isa = PBXBuildFile; fileRef = 5BE541D52BCFA9C800E3BE35 /* CoffeeDetail.swift */; };
		5BE541D82BD0B41B00E3BE35 /* InfoBox.swift in Sources */ = {isa = PBXBuildFile; fileRef = 5BE541D72BD0B41B00E3BE35 /* InfoBox.swift */; };
		5BE541DB2BD0B9B900E3BE35 /* MainView.swift in Sources */ = {isa = PBXBuildFile; fileRef = 5BE541DA2BD0B9B900E3BE35 /* MainView.swift */; };
/* End PBXBuildFile section */

/* Begin PBXFileReference section */
		5BE541B52BCF9F5F00E3BE35 /* CoffeeJess.app */ = {isa = PBXFileReference; explicitFileType = wrapper.application; includeInIndex = 0; path = CoffeeJess.app; sourceTree = BUILT_PRODUCTS_DIR; };
		5BE541B82BCF9F5F00E3BE35 /* CoffeeJessApp.swift */ = {isa = PBXFileReference; lastKnownFileType = sourcecode.swift; path = CoffeeJessApp.swift; sourceTree = "<group>"; };
		5BE541BA2BCF9F5F00E3BE35 /* ContentView.swift */ = {isa = PBXFileReference; lastKnownFileType = sourcecode.swift; path = ContentView.swift; sourceTree = "<group>"; };
		5BE541BC2BCF9F6200E3BE35 /* Assets.xcassets */ = {isa = PBXFileReference; lastKnownFileType = folder.assetcatalog; path = Assets.xcassets; sourceTree = "<group>"; };
		5BE541BF2BCF9F6200E3BE35 /* Preview Assets.xcassets */ = {isa = PBXFileReference; lastKnownFileType = folder.assetcatalog; path = "Preview Assets.xcassets"; sourceTree = "<group>"; };
		5BE541CD2BCFA30D00E3BE35 /* Coffee.swift */ = {isa = PBXFileReference; lastKnownFileType = sourcecode.swift; path = Coffee.swift; sourceTree = "<group>"; };
		5BE541D02BCFA35400E3BE35 /* CoffeeCard.swift */ = {isa = PBXFileReference; lastKnownFileType = sourcecode.swift; path = CoffeeCard.swift; sourceTree = "<group>"; };
		5BE541D32BCFA85A00E3BE35 /* CoffeeHome.swift */ = {isa = PBXFileReference; lastKnownFileType = sourcecode.swift; path = CoffeeHome.swift; sourceTree = "<group>"; };
		5BE541D52BCFA9C800E3BE35 /* CoffeeDetail.swift */ = {isa = PBXFileReference; lastKnownFileType = sourcecode.swift; path = CoffeeDetail.swift; sourceTree = "<group>"; };
		5BE541D72BD0B41B00E3BE35 /* InfoBox.swift */ = {isa = PBXFileReference; lastKnownFileType = sourcecode.swift; path = InfoBox.swift; sourceTree = "<group>"; };
		5BE541DA2BD0B9B900E3BE35 /* MainView.swift */ = {isa = PBXFileReference; lastKnownFileType = sourcecode.swift; path = MainView.swift; sourceTree = "<group>"; };
/* End PBXFileReference section */

/* Begin PBXFrameworksBuildPhase section */
		5BE541B22BCF9F5F00E3BE35 /* Frameworks */ = {
			isa = PBXFrameworksBuildPhase;
			buildActionMask = 2147483647;
			files = (
			);
			runOnlyForDeploymentPostprocessing = 0;
		};
/* End PBXFrameworksBuildPhase section */

/* Begin PBXGroup section */
		5BE541AC2BCF9F5F00E3BE35 = {
			isa = PBXGroup;
			children = (
				5BE541B72BCF9F5F00E3BE35 /* CoffeeJess */,
				5BE541B62BCF9F5F00E3BE35 /* Products */,
			);
			sourceTree = "<group>";
		};
		5BE541B62BCF9F5F00E3BE35 /* Products */ = {
			isa = PBXGroup;
			children = (
				5BE541B52BCF9F5F00E3BE35 /* CoffeeJess.app */,
			);
			name = Products;
			sourceTree = "<group>";
		};
		5BE541B72BCF9F5F00E3BE35 /* CoffeeJess */ = {
			isa = PBXGroup;
			children = (
				5BE541C92BCF9F8500E3BE35 /* Resources */,
				5BE541C72BCF9F7600E3BE35 /* Model */,
				5BE541C62BCF9F7000E3BE35 /* App */,
				5BE541CA2BCF9F9000E3BE35 /* View */,
				5BE541BE2BCF9F6200E3BE35 /* Preview Content */,
			);
			path = CoffeeJess;
			sourceTree = "<group>";
		};
		5BE541BE2BCF9F6200E3BE35 /* Preview Content */ = {
			isa = PBXGroup;
			children = (
				5BE541BF2BCF9F6200E3BE35 /* Preview Assets.xcassets */,
			);
			path = "Preview Content";
			sourceTree = "<group>";
		};
		5BE541C62BCF9F7000E3BE35 /* App */ = {
			isa = PBXGroup;
			children = (
				5BE541B82BCF9F5F00E3BE35 /* CoffeeJessApp.swift */,
			);
			path = App;
			sourceTree = "<group>";
		};
		5BE541C72BCF9F7600E3BE35 /* Model */ = {
			isa = PBXGroup;
			children = (
				5BE541CD2BCFA30D00E3BE35 /* Coffee.swift */,
			);
			path = Model;
			sourceTree = "<group>";
		};
		5BE541C92BCF9F8500E3BE35 /* Resources */ = {
			isa = PBXGroup;
			children = (
				5BE541BC2BCF9F6200E3BE35 /* Assets.xcassets */,
			);
			path = Resources;
			sourceTree = "<group>";
		};
		5BE541CA2BCF9F9000E3BE35 /* View */ = {
			isa = PBXGroup;
			children = (
				5BE541D92BD0B98000E3BE35 /* Tab */,
				5BE541D22BCFA84700E3BE35 /* Home */,
				5BE541CF2BCFA34000E3BE35 /* Component */,
				5BE541BA2BCF9F5F00E3BE35 /* ContentView.swift */,
			);
			path = View;
			sourceTree = "<group>";
		};
		5BE541CF2BCFA34000E3BE35 /* Component */ = {
			isa = PBXGroup;
			children = (
				5BE541D02BCFA35400E3BE35 /* CoffeeCard.swift */,
			);
			path = Component;
			sourceTree = "<group>";
		};
		5BE541D22BCFA84700E3BE35 /* Home */ = {
			isa = PBXGroup;
			children = (
				5BE541D32BCFA85A00E3BE35 /* CoffeeHome.swift */,
				5BE541D52BCFA9C800E3BE35 /* CoffeeDetail.swift */,
				5BE541D72BD0B41B00E3BE35 /* InfoBox.swift */,
			);
			path = Home;
			sourceTree = "<group>";
		};
		5BE541D92BD0B98000E3BE35 /* Tab */ = {
			isa = PBXGroup;
			children = (
				5BE541DA2BD0B9B900E3BE35 /* MainView.swift */,
			);
			path = Tab;
			sourceTree = "<group>";
		};
/* End PBXGroup section */

/* Begin PBXNativeTarget section */
		5BE541B42BCF9F5F00E3BE35 /* CoffeeJess */ = {
			isa = PBXNativeTarget;
			buildConfigurationList = 5BE541C32BCF9F6200E3BE35 /* Build configuration list for PBXNativeTarget "CoffeeJess" */;
			buildPhases = (
				5BE541B12BCF9F5F00E3BE35 /* Sources */,
				5BE541B22BCF9F5F00E3BE35 /* Frameworks */,
				5BE541B32BCF9F5F00E3BE35 /* Resources */,
			);
			buildRules = (
			);
			dependencies = (
			);
			name = CoffeeJess;
			productName = CoffeeJess;
			productReference = 5BE541B52BCF9F5F00E3BE35 /* CoffeeJess.app */;
			productType = "com.apple.product-type.application";
		};
/* End PBXNativeTarget section */

/* Begin PBXProject section */
		5BE541AD2BCF9F5F00E3BE35 /* Project object */ = {
			isa = PBXProject;
			attributes = {
				BuildIndependentTargetsInParallel = 1;
				LastSwiftUpdateCheck = 1530;
				LastUpgradeCheck = 1530;
				TargetAttributes = {
					5BE541B42BCF9F5F00E3BE35 = {
						CreatedOnToolsVersion = 15.3;
					};
				};
			};
			buildConfigurationList = 5BE541B02BCF9F5F00E3BE35 /* Build configuration list for PBXProject "CoffeeJess" */;
			compatibilityVersion = "Xcode 14.0";
			developmentRegion = en;
			hasScannedForEncodings = 0;
			knownRegions = (
				en,
				Base,
			);
			mainGroup = 5BE541AC2BCF9F5F00E3BE35;
			productRefGroup = 5BE541B62BCF9F5F00E3BE35 /* Products */;
			projectDirPath = "";
			projectRoot = "";
			targets = (
				5BE541B42BCF9F5F00E3BE35 /* CoffeeJess */,
			);
		};
/* End PBXProject section */

/* Begin PBXResourcesBuildPhase section */
		5BE541B32BCF9F5F00E3BE35 /* Resources */ = {
			isa = PBXResourcesBuildPhase;
			buildActionMask = 2147483647;
			files = (
				5BE541C02BCF9F6200E3BE35 /* Preview Assets.xcassets in Resources */,
				5BE541BD2BCF9F6200E3BE35 /* Assets.xcassets in Resources */,
			);
			runOnlyForDeploymentPostprocessing = 0;
		};
/* End PBXResourcesBuildPhase section */

/* Begin PBXSourcesBuildPhase section */
		5BE541B12BCF9F5F00E3BE35 /* Sources */ = {
			isa = PBXSourcesBuildPhase;
			buildActionMask = 2147483647;
			files = (
				5BE541D62BCFA9C800E3BE35 /* CoffeeDetail.swift in Sources */,
				5BE541DB2BD0B9B900E3BE35 /* MainView.swift in Sources */,
				5BE541BB2BCF9F5F00E3BE35 /* ContentView.swift in Sources */,
				5BE541D12BCFA35400E3BE35 /* CoffeeCard.swift in Sources */,
				5BE541D42BCFA85A00E3BE35 /* CoffeeHome.swift in Sources */,
				5BE541D82BD0B41B00E3BE35 /* InfoBox.swift in Sources */,
				5BE541B92BCF9F5F00E3BE35 /* CoffeeJessApp.swift in Sources */,
				5BE541CE2BCFA30D00E3BE35 /* Coffee.swift in Sources */,
			);
			runOnlyForDeploymentPostprocessing = 0;
		};
/* End PBXSourcesBuildPhase section */

/* Begin XCBuildConfiguration section */
		5BE541C12BCF9F6200E3BE35 /* Debug */ = {
			isa = XCBuildConfiguration;
			buildSettings = {
				ALWAYS_SEARCH_USER_PATHS = NO;
				ASSETCATALOG_COMPILER_GENERATE_SWIFT_ASSET_SYMBOL_EXTENSIONS = YES;
				CLANG_ANALYZER_NONNULL = YES;
				CLANG_ANALYZER_NUMBER_OBJECT_CONVERSION = YES_AGGRESSIVE;
				CLANG_CXX_LANGUAGE_STANDARD = "gnu++20";
				CLANG_ENABLE_MODULES = YES;
				CLANG_ENABLE_OBJC_ARC = YES;
				CLANG_ENABLE_OBJC_WEAK = YES;
				CLANG_WARN_BLOCK_CAPTURE_AUTORELEASING = YES;
				CLANG_WARN_BOOL_CONVERSION = YES;
				CLANG_WARN_COMMA = YES;
				CLANG_WARN_CONSTANT_CONVERSION = YES;
				CLANG_WARN_DEPRECATED_OBJC_IMPLEMENTATIONS = YES;
				CLANG_WARN_DIRECT_OBJC_ISA_USAGE = YES_ERROR;
				CLANG_WARN_DOCUMENTATION_COMMENTS = YES;
				CLANG_WARN_EMPTY_BODY = YES;
				CLANG_WARN_ENUM_CONVERSION = YES;
				CLANG_WARN_INFINITE_RECURSION = YES;
				CLANG_WARN_INT_CONVERSION = YES;
				CLANG_WARN_NON_LITERAL_NULL_CONVERSION = YES;
				CLANG_WARN_OBJC_IMPLICIT_RETAIN_SELF = YES;
				CLANG_WARN_OBJC_LITERAL_CONVERSION = YES;
				CLANG_WARN_OBJC_ROOT_CLASS = YES_ERROR;
				CLANG_WARN_QUOTED_INCLUDE_IN_FRAMEWORK_HEADER = YES;
				CLANG_WARN_RANGE_LOOP_ANALYSIS = YES;
				CLANG_WARN_STRICT_PROTOTYPES = YES;
				CLANG_WARN_SUSPICIOUS_MOVE = YES;
				CLANG_WARN_UNGUARDED_AVAILABILITY = YES_AGGRESSIVE;
				CLANG_WARN_UNREACHABLE_CODE = YES;
				CLANG_WARN__DUPLICATE_METHOD_MATCH = YES;
				COPY_PHASE_STRIP = NO;
				DEBUG_INFORMATION_FORMAT = dwarf;
				ENABLE_STRICT_OBJC_MSGSEND = YES;
				ENABLE_TESTABILITY = YES;
				ENABLE_USER_SCRIPT_SANDBOXING = YES;
				GCC_C_LANGUAGE_STANDARD = gnu17;
				GCC_DYNAMIC_NO_PIC = NO;
				GCC_NO_COMMON_BLOCKS = YES;
				GCC_OPTIMIZATION_LEVEL = 0;
				GCC_PREPROCESSOR_DEFINITIONS = (
					"DEBUG=1",
					"$(inherited)",
				);
				GCC_WARN_64_TO_32_BIT_CONVERSION = YES;
				GCC_WARN_ABOUT_RETURN_TYPE = YES_ERROR;
				GCC_WARN_UNDECLARED_SELECTOR = YES;
				GCC_WARN_UNINITIALIZED_AUTOS = YES_AGGRESSIVE;
				GCC_WARN_UNUSED_FUNCTION = YES;
				GCC_WARN_UNUSED_VARIABLE = YES;
				IPHONEOS_DEPLOYMENT_TARGET = 17.4;
				LOCALIZATION_PREFERS_STRING_CATALOGS = YES;
				MTL_ENABLE_DEBUG_INFO = INCLUDE_SOURCE;
				MTL_FAST_MATH = YES;
				ONLY_ACTIVE_ARCH = YES;
				SDKROOT = iphoneos;
				SWIFT_ACTIVE_COMPILATION_CONDITIONS = "DEBUG $(inherited)";
				SWIFT_OPTIMIZATION_LEVEL = "-Onone";
			};
			name = Debug;
		};
		5BE541C22BCF9F6200E3BE35 /* Release */ = {
			isa = XCBuildConfiguration;
			buildSettings = {
				ALWAYS_SEARCH_USER_PATHS = NO;
				ASSETCATALOG_COMPILER_GENERATE_SWIFT_ASSET_SYMBOL_EXTENSIONS = YES;
				CLANG_ANALYZER_NONNULL = YES;
				CLANG_ANALYZER_NUMBER_OBJECT_CONVERSION = YES_AGGRESSIVE;
				CLANG_CXX_LANGUAGE_STANDARD = "gnu++20";
				CLANG_ENABLE_MODULES = YES;
				CLANG_ENABLE_OBJC_ARC = YES;
				CLANG_ENABLE_OBJC_WEAK = YES;
				CLANG_WARN_BLOCK_CAPTURE_AUTORELEASING = YES;
				CLANG_WARN_BOOL_CONVERSION = YES;
				CLANG_WARN_COMMA = YES;
				CLANG_WARN_CONSTANT_CONVERSION = YES;
				CLANG_WARN_DEPRECATED_OBJC_IMPLEMENTATIONS = YES;
				CLANG_WARN_DIRECT_OBJC_ISA_USAGE = YES_ERROR;
				CLANG_WARN_DOCUMENTATION_COMMENTS = YES;
				CLANG_WARN_EMPTY_BODY = YES;
				CLANG_WARN_ENUM_CONVERSION = YES;
				CLANG_WARN_INFINITE_RECURSION = YES;
				CLANG_WARN_INT_CONVERSION = YES;
				CLANG_WARN_NON_LITERAL_NULL_CONVERSION = YES;
				CLANG_WARN_OBJC_IMPLICIT_RETAIN_SELF = YES;
				CLANG_WARN_OBJC_LITERAL_CONVERSION = YES;
				CLANG_WARN_OBJC_ROOT_CLASS = YES_ERROR;
				CLANG_WARN_QUOTED_INCLUDE_IN_FRAMEWORK_HEADER = YES;
				CLANG_WARN_RANGE_LOOP_ANALYSIS = YES;
				CLANG_WARN_STRICT_PROTOTYPES = YES;
				CLANG_WARN_SUSPICIOUS_MOVE = YES;
				CLANG_WARN_UNGUARDED_AVAILABILITY = YES_AGGRESSIVE;
				CLANG_WARN_UNREACHABLE_CODE = YES;
				CLANG_WARN__DUPLICATE_METHOD_MATCH = YES;
				COPY_PHASE_STRIP = NO;
				DEBUG_INFORMATION_FORMAT = "dwarf-with-dsym";
				ENABLE_NS_ASSERTIONS = NO;
				ENABLE_STRICT_OBJC_MSGSEND = YES;
				ENABLE_USER_SCRIPT_SANDBOXING = YES;
				GCC_C_LANGUAGE_STANDARD = gnu17;
				GCC_NO_COMMON_BLOCKS = YES;
				GCC_WARN_64_TO_32_BIT_CONVERSION = YES;
				GCC_WARN_ABOUT_RETURN_TYPE = YES_ERROR;
				GCC_WARN_UNDECLARED_SELECTOR = YES;
				GCC_WARN_UNINITIALIZED_AUTOS = YES_AGGRESSIVE;
				GCC_WARN_UNUSED_FUNCTION = YES;
				GCC_WARN_UNUSED_VARIABLE = YES;
				IPHONEOS_DEPLOYMENT_TARGET = 17.4;
				LOCALIZATION_PREFERS_STRING_CATALOGS = YES;
				MTL_ENABLE_DEBUG_INFO = NO;
				MTL_FAST_MATH = YES;
				SDKROOT = iphoneos;
				SWIFT_COMPILATION_MODE = wholemodule;
				VALIDATE_PRODUCT = YES;
			};
			name = Release;
		};
		5BE541C42BCF9F6200E3BE35 /* Debug */ = {
			isa = XCBuildConfiguration;
			buildSettings = {
				ASSETCATALOG_COMPILER_APPICON_NAME = AppIcon;
				ASSETCATALOG_COMPILER_GLOBAL_ACCENT_COLOR_NAME = AccentColor;
				CODE_SIGN_STYLE = Automatic;
				CURRENT_PROJECT_VERSION = 1;
				DEVELOPMENT_ASSET_PATHS = "\"CoffeeJess/Preview Content\"";
				ENABLE_PREVIEWS = YES;
				GENERATE_INFOPLIST_FILE = YES;
				INFOPLIST_KEY_UIApplicationSceneManifest_Generation = YES;
				INFOPLIST_KEY_UIApplicationSupportsIndirectInputEvents = YES;
				INFOPLIST_KEY_UILaunchScreen_Generation = YES;
				INFOPLIST_KEY_UISupportedInterfaceOrientations_iPad = "UIInterfaceOrientationPortrait UIInterfaceOrientationPortraitUpsideDown UIInterfaceOrientationLandscapeLeft UIInterfaceOrientationLandscapeRight";
				INFOPLIST_KEY_UISupportedInterfaceOrientations_iPhone = "UIInterfaceOrientationPortrait UIInterfaceOrientationLandscapeLeft UIInterfaceOrientationLandscapeRight";
				LD_RUNPATH_SEARCH_PATHS = (
					"$(inherited)",
					"@executable_path/Frameworks",
				);
				MARKETING_VERSION = 1.0;
				PRODUCT_BUNDLE_IDENTIFIER = com.jesswift.CoffeeJess;
				PRODUCT_NAME = "$(TARGET_NAME)";
				SWIFT_EMIT_LOC_STRINGS = YES;
				SWIFT_VERSION = 5.0;
				TARGETED_DEVICE_FAMILY = "1,2";
			};
			name = Debug;
		};
		5BE541C52BCF9F6200E3BE35 /* Release */ = {
			isa = XCBuildConfiguration;
			buildSettings = {
				ASSETCATALOG_COMPILER_APPICON_NAME = AppIcon;
				ASSETCATALOG_COMPILER_GLOBAL_ACCENT_COLOR_NAME = AccentColor;
				CODE_SIGN_STYLE = Automatic;
				CURRENT_PROJECT_VERSION = 1;
				DEVELOPMENT_ASSET_PATHS = "\"CoffeeJess/Preview Content\"";
				ENABLE_PREVIEWS = YES;
				GENERATE_INFOPLIST_FILE = YES;
				INFOPLIST_KEY_UIApplicationSceneManifest_Generation = YES;
				INFOPLIST_KEY_UIApplicationSupportsIndirectInputEvents = YES;
				INFOPLIST_KEY_UILaunchScreen_Generation = YES;
				INFOPLIST_KEY_UISupportedInterfaceOrientations_iPad = "UIInterfaceOrientationPortrait UIInterfaceOrientationPortraitUpsideDown UIInterfaceOrientationLandscapeLeft UIInterfaceOrientationLandscapeRight";
				INFOPLIST_KEY_UISupportedInterfaceOrientations_iPhone = "UIInterfaceOrientationPortrait UIInterfaceOrientationLandscapeLeft UIInterfaceOrientationLandscapeRight";
				LD_RUNPATH_SEARCH_PATHS = (
					"$(inherited)",
					"@executable_path/Frameworks",
				);
				MARKETING_VERSION = 1.0;
				PRODUCT_BUNDLE_IDENTIFIER = com.jesswift.CoffeeJess;
				PRODUCT_NAME = "$(TARGET_NAME)";
				SWIFT_EMIT_LOC_STRINGS = YES;
				SWIFT_VERSION = 5.0;
				TARGETED_DEVICE_FAMILY = "1,2";
			};
			name = Release;
		};
/* End XCBuildConfiguration section */

/* Begin XCConfigurationList section */
		5BE541B02BCF9F5F00E3BE35 /* Build configuration list for PBXProject "CoffeeJess" */ = {
			isa = XCConfigurationList;
			buildConfigurations = (
				5BE541C12BCF9F6200E3BE35 /* Debug */,
				5BE541C22BCF9F6200E3BE35 /* Release */,
			);
			defaultConfigurationIsVisible = 0;
			defaultConfigurationName = Release;
		};
		5BE541C32BCF9F6200E3BE35 /* Build configuration list for PBXNativeTarget "CoffeeJess" */ = {
			isa = XCConfigurationList;
			buildConfigurations = (
				5BE541C42BCF9F6200E3BE35 /* Debug */,
				5BE541C52BCF9F6200E3BE35 /* Release */,
			);
			defaultConfigurationIsVisible = 0;
			defaultConfigurationName = Release;
		};
/* End XCConfigurationList section */
	};
	rootObject = 5BE541AD2BCF9F5F00E3BE35 /* Project object */;
}
